
Microsoft Visual Studio Solution File, Format Version 12.00
# Visual Studio 2012
Project("{FAE04EC0-301F-11D3-BF4B-00C04F79EFBC}") = "MonoDevelop.UnitTesting.XUnit", "MonoDevelop.XUnit\MonoDevelop.UnitTesting.XUnit.csproj", "{749EF588-C012-4A59-AA3C-B7722AAC0A09}"
EndProject
Project("{2150E333-8FDC-42A3-9474-1A3956D46DE8}") = "Solution Items", "Solution Items", "{5F83F441-FEED-456D-BD01-D0428724A990}"
	ProjectSection(SolutionItems) = preProject
		addin-project.xml = addin-project.xml
		README.md = README.md
		MonoDevelop.XUnit\CONTRIBUTING.md = MonoDevelop.XUnit\CONTRIBUTING.md
	EndProjectSection
EndProject
Global
	GlobalSection(SolutionConfigurationPlatforms) = preSolution
		Debug|Any CPU = Debug|Any CPU
		Release|Any CPU = Release|Any CPU
	EndGlobalSection
	GlobalSection(ProjectConfigurationPlatforms) = postSolution
		{749EF588-C012-4A59-AA3C-B7722AAC0A09}.Debug|Any CPU.ActiveCfg = Debug|Any CPU
		{749EF588-C012-4A59-AA3C-B7722AAC0A09}.Debug|Any CPU.Build.0 = Debug|Any CPU
		{749EF588-C012-4A59-AA3C-B7722AAC0A09}.Release|Any CPU.ActiveCfg = Release|Any CPU
		{749EF588-C012-4A59-AA3C-B7722AAC0A09}.Release|Any CPU.Build.0 = Release|Any CPU
	EndGlobalSection
	GlobalSection(NestedProjects) = preSolution
	EndGlobalSection
	GlobalSection(MonoDevelopProperties) = preSolution
		Policies = $0
		$0.DotNetNamingPolicy = $1
		$1.DirectoryNamespaceAssociation = None
		$1.ResourceNamePolicy = FileFormatDefault
		$0.TextStylePolicy = $2
		$2.FileWidth = 120
		$2.TabsToSpaces = False
		$2.EolMarker = Unix
		$2.inheritsSet = VisualStudio
		$2.inheritsScope = text/plain
		$2.scope = text/x-csharp
		$0.CSharpFormattingPolicy = $3
		$3.IndentSwitchSection = True
		$3.SpacingAfterMethodDeclarationName = False
		$3.SpaceAfterMethodCallName = False
		$3.SpaceBeforeOpenSquareBracket = False
		$3.inheritsSet = Mono
		$3.inheritsScope = text/x-csharp
		$3.scope = text/x-csharp
	EndGlobalSection
EndGlobal
